
Microsoft Visual Studio Solution File, Format Version 12.00
# Visual Studio 2013
VisualStudioVersion = 12.0.31101.0
MinimumVisualStudioVersion = 10.0.40219.1
Project("{FAE04EC0-301F-11D3-BF4B-00C04F79EFBC}") = "Problem1_DivisionOfNumbersInARange", "Problem1_DivisionOfNumbersInARange\Problem1_DivisionOfNumbersInARange.csproj", "{6E0621E5-355D-4F5C-B10F-515AAA25D043}"
EndProject
Project("{FAE04EC0-301F-11D3-BF4B-00C04F79EFBC}") = "Problem2_GreaterOfTwoNumbers", "Problem2_GreaterOfTwoNumbers\Problem2_GreaterOfTwoNumbers.csproj", "{0927D467-C5E8-47EB-9743-0862C14C403F}"
EndProject
Project("{FAE04EC0-301F-11D3-BF4B-00C04F79EFBC}") = "Problem3_QuadraticEquation", "Problem3_QuadraticEquation\Problem3_QuadraticEquation.csproj", "{38131245-52A0-4C06-9E52-8F686A1C8393}"
EndProject
Project("{FAE04EC0-301F-11D3-BF4B-00C04F79EFBC}") = "Problem4_GetNNumbers", "Problem4_GetNNumbers\Problem4_GetNNumbers.csproj", "{0783AE79-1826-48F7-A154-0F1BC8679CAB}"
EndProject
Project("{FAE04EC0-301F-11D3-BF4B-00C04F79EFBC}") = "Problem5_PrintOneToNNumbers", "Problem5_PrintOneToNNumbers\Problem5_PrintOneToNNumbers.csproj", "{91725427-D76F-4F0D-A6CD-F07FD96981EF}"
EndProject
Global
	GlobalSection(SolutionConfigurationPlatforms) = preSolution
		Debug|Any CPU = Debug|Any CPU
		Release|Any CPU = Release|Any CPU
	EndGlobalSection
	GlobalSection(ProjectConfigurationPlatforms) = postSolution
		{6E0621E5-355D-4F5C-B10F-515AAA25D043}.Debug|Any CPU.ActiveCfg = Debug|Any CPU
		{6E0621E5-355D-4F5C-B10F-515AAA25D043}.Debug|Any CPU.Build.0 = Debug|Any CPU
		{6E0621E5-355D-4F5C-B10F-515AAA25D043}.Release|Any CPU.ActiveCfg = Release|Any CPU
		{6E0621E5-355D-4F5C-B10F-515AAA25D043}.Release|Any CPU.Build.0 = Release|Any CPU
		{0927D467-C5E8-47EB-9743-0862C14C403F}.Debug|Any CPU.ActiveCfg = Debug|Any CPU
		{0927D467-C5E8-47EB-9743-0862C14C403F}.Debug|Any CPU.Build.0 = Debug|Any CPU
		{0927D467-C5E8-47EB-9743-0862C14C403F}.Release|Any CPU.ActiveCfg = Release|Any CPU
		{0927D467-C5E8-47EB-9743-0862C14C403F}.Release|Any CPU.Build.0 = Release|Any CPU
		{38131245-52A0-4C06-9E52-8F686A1C8393}.Debug|Any CPU.ActiveCfg = Debug|Any CPU
		{38131245-52A0-4C06-9E52-8F686A1C8393}.Debug|Any CPU.Build.0 = Debug|Any CPU
		{38131245-52A0-4C06-9E52-8F686A1C8393}.Release|Any CPU.ActiveCfg = Release|Any CPU
		{38131245-52A0-4C06-9E52-8F686A1C8393}.Release|Any CPU.Build.0 = Release|Any CPU
		{0783AE79-1826-48F7-A154-0F1BC8679CAB}.Debug|Any CPU.ActiveCfg = Debug|Any CPU
		{0783AE79-1826-48F7-A154-0F1BC8679CAB}.Debug|Any CPU.Build.0 = Debug|Any CPU
		{0783AE79-1826-48F7-A154-0F1BC8679CAB}.Release|Any CPU.ActiveCfg = Release|Any CPU
		{0783AE79-1826-48F7-A154-0F1BC8679CAB}.Release|Any CPU.Build.0 = Release|Any CPU
		{91725427-D76F-4F0D-A6CD-F07FD96981EF}.Debug|Any CPU.ActiveCfg = Debug|Any CPU
		{91725427-D76F-4F0D-A6CD-F07FD96981EF}.Debug|Any CPU.Build.0 = Debug|Any CPU
		{91725427-D76F-4F0D-A6CD-F07FD96981EF}.Release|Any CPU.ActiveCfg = Release|Any CPU
		{91725427-D76F-4F0D-A6CD-F07FD96981EF}.Release|Any CPU.Build.0 = Release|Any CPU
	EndGlobalSection
	GlobalSection(SolutionProperties) = preSolution
		HideSolutionNode = FALSE
	EndGlobalSection
EndGlobal
