
Microsoft Visual Studio Solution File, Format Version 12.00
# Visual Studio 2013
VisualStudioVersion = 12.0.31101.0
MinimumVisualStudioVersion = 10.0.40219.1
Project("{FAE04EC0-301F-11D3-BF4B-00C04F79EFBC}") = "Problem1_OddOrEven", "Problem1_OddOrEven\Problem1_OddOrEven.csproj", "{3D53498B-6855-4549-8298-B78688CCD3C8}"
EndProject
Project("{FAE04EC0-301F-11D3-BF4B-00C04F79EFBC}") = "Problem2_DivideByTwoThreeAndFive", "Problem2_DivideByTwoThreeAndFive\Problem2_DivideByTwoThreeAndFive.csproj", "{93DD5087-FC77-4B78-81D9-05B81F1103D2}"
EndProject
Project("{FAE04EC0-301F-11D3-BF4B-00C04F79EFBC}") = "Problem3_AreaOfTrapezium", "Problem3_AreaOfTrapezium\Problem3_AreaOfTrapezium.csproj", "{56141867-2B9E-44FE-87C8-FC6D51038E1F}"
EndProject
Project("{FAE04EC0-301F-11D3-BF4B-00C04F79EFBC}") = "Problem4_CheckThirdDigit", "Problem4_CheckThirdDigit\Problem4_CheckThirdDigit.csproj", "{54B16375-7DEA-4EAC-8301-C474108F2383}"
EndProject
Project("{FAE04EC0-301F-11D3-BF4B-00C04F79EFBC}") = "Problem6_PointInCircle", "Problem6_PointInCircle\Problem6_PointInCircle.csproj", "{C09F2EBF-0CAC-4409-8687-E601E2548439}"
EndProject
Project("{FAE04EC0-301F-11D3-BF4B-00C04F79EFBC}") = "Problem7_IsPrime", "Problem7_IsPrime\Problem7_IsPrime.csproj", "{19CF5B70-A015-4684-9A7E-0767F7E2F2D2}"
EndProject
Project("{FAE04EC0-301F-11D3-BF4B-00C04F79EFBC}") = "Problem5_CheckSecondBit", "Problem5_CheckSecondBit\Problem5_CheckSecondBit.csproj", "{6F344CA8-05AF-475F-9691-C30398045958}"
EndProject
Project("{FAE04EC0-301F-11D3-BF4B-00C04F79EFBC}") = "Problem8_CheckBitAtAnyPosition", "Problem8_CheckBitAtAnyPosition\Problem8_CheckBitAtAnyPosition.csproj", "{A1440627-DCD7-4FE3-AB76-1C6A923559A7}"
EndProject
Global
	GlobalSection(SolutionConfigurationPlatforms) = preSolution
		Debug|Any CPU = Debug|Any CPU
		Release|Any CPU = Release|Any CPU
	EndGlobalSection
	GlobalSection(ProjectConfigurationPlatforms) = postSolution
		{3D53498B-6855-4549-8298-B78688CCD3C8}.Debug|Any CPU.ActiveCfg = Debug|Any CPU
		{3D53498B-6855-4549-8298-B78688CCD3C8}.Debug|Any CPU.Build.0 = Debug|Any CPU
		{3D53498B-6855-4549-8298-B78688CCD3C8}.Release|Any CPU.ActiveCfg = Release|Any CPU
		{3D53498B-6855-4549-8298-B78688CCD3C8}.Release|Any CPU.Build.0 = Release|Any CPU
		{93DD5087-FC77-4B78-81D9-05B81F1103D2}.Debug|Any CPU.ActiveCfg = Debug|Any CPU
		{93DD5087-FC77-4B78-81D9-05B81F1103D2}.Debug|Any CPU.Build.0 = Debug|Any CPU
		{93DD5087-FC77-4B78-81D9-05B81F1103D2}.Release|Any CPU.ActiveCfg = Release|Any CPU
		{93DD5087-FC77-4B78-81D9-05B81F1103D2}.Release|Any CPU.Build.0 = Release|Any CPU
		{56141867-2B9E-44FE-87C8-FC6D51038E1F}.Debug|Any CPU.ActiveCfg = Debug|Any CPU
		{56141867-2B9E-44FE-87C8-FC6D51038E1F}.Debug|Any CPU.Build.0 = Debug|Any CPU
		{56141867-2B9E-44FE-87C8-FC6D51038E1F}.Release|Any CPU.ActiveCfg = Release|Any CPU
		{56141867-2B9E-44FE-87C8-FC6D51038E1F}.Release|Any CPU.Build.0 = Release|Any CPU
		{54B16375-7DEA-4EAC-8301-C474108F2383}.Debug|Any CPU.ActiveCfg = Debug|Any CPU
		{54B16375-7DEA-4EAC-8301-C474108F2383}.Debug|Any CPU.Build.0 = Debug|Any CPU
		{54B16375-7DEA-4EAC-8301-C474108F2383}.Release|Any CPU.ActiveCfg = Release|Any CPU
		{54B16375-7DEA-4EAC-8301-C474108F2383}.Release|Any CPU.Build.0 = Release|Any CPU
		{C09F2EBF-0CAC-4409-8687-E601E2548439}.Debug|Any CPU.ActiveCfg = Debug|Any CPU
		{C09F2EBF-0CAC-4409-8687-E601E2548439}.Debug|Any CPU.Build.0 = Debug|Any CPU
		{C09F2EBF-0CAC-4409-8687-E601E2548439}.Release|Any CPU.ActiveCfg = Release|Any CPU
		{C09F2EBF-0CAC-4409-8687-E601E2548439}.Release|Any CPU.Build.0 = Release|Any CPU
		{19CF5B70-A015-4684-9A7E-0767F7E2F2D2}.Debug|Any CPU.ActiveCfg = Debug|Any CPU
		{19CF5B70-A015-4684-9A7E-0767F7E2F2D2}.Debug|Any CPU.Build.0 = Debug|Any CPU
		{19CF5B70-A015-4684-9A7E-0767F7E2F2D2}.Release|Any CPU.ActiveCfg = Release|Any CPU
		{19CF5B70-A015-4684-9A7E-0767F7E2F2D2}.Release|Any CPU.Build.0 = Release|Any CPU
		{6F344CA8-05AF-475F-9691-C30398045958}.Debug|Any CPU.ActiveCfg = Debug|Any CPU
		{6F344CA8-05AF-475F-9691-C30398045958}.Debug|Any CPU.Build.0 = Debug|Any CPU
		{6F344CA8-05AF-475F-9691-C30398045958}.Release|Any CPU.ActiveCfg = Release|Any CPU
		{6F344CA8-05AF-475F-9691-C30398045958}.Release|Any CPU.Build.0 = Release|Any CPU
		{A1440627-DCD7-4FE3-AB76-1C6A923559A7}.Debug|Any CPU.ActiveCfg = Debug|Any CPU
		{A1440627-DCD7-4FE3-AB76-1C6A923559A7}.Debug|Any CPU.Build.0 = Debug|Any CPU
		{A1440627-DCD7-4FE3-AB76-1C6A923559A7}.Release|Any CPU.ActiveCfg = Release|Any CPU
		{A1440627-DCD7-4FE3-AB76-1C6A923559A7}.Release|Any CPU.Build.0 = Release|Any CPU
	EndGlobalSection
	GlobalSection(SolutionProperties) = preSolution
		HideSolutionNode = FALSE
	EndGlobalSection
EndGlobal
