
Microsoft Visual Studio Solution File, Format Version 12.00
# Visual Studio 2013
VisualStudioVersion = 12.0.31101.0
MinimumVisualStudioVersion = 10.0.40219.1
Project("{FAE04EC0-301F-11D3-BF4B-00C04F79EFBC}") = "Problem1_DeclareVars", "Problem1_DeclareVars\Problem1_DeclareVars.csproj", "{AA7B9E57-EE43-4864-8EC9-808BAF2FF3A5}"
EndProject
Project("{FAE04EC0-301F-11D3-BF4B-00C04F79EFBC}") = "Problem2_CompareFloats", "Problem2_CompareFloats\Problem2_CompareFloats.csproj", "{5898AFF5-2DD0-43A3-A7ED-A37F188BC35C}"
EndProject
Project("{FAE04EC0-301F-11D3-BF4B-00C04F79EFBC}") = "Problem3_AssignHex", "Problem3_AssignHex\Problem3_AssignHex.csproj", "{69E0F40C-BAE4-4D21-BD7D-0061060557C5}"
EndProject
Project("{FAE04EC0-301F-11D3-BF4B-00C04F79EFBC}") = "Problem4_UnicodeToChar", "Problem4_UnicodeToChar\Problem4_UnicodeToChar.csproj", "{73F8C303-64A2-45EB-928E-3C9E3462F864}"
EndProject
Project("{FAE04EC0-301F-11D3-BF4B-00C04F79EFBC}") = "Problem5_IsItSunnyToday", "Problem5_IsItSunnyToday\Problem5_IsItSunnyToday.csproj", "{975FC8AD-5DEF-40E7-851A-B7878AC98477}"
EndProject
Project("{FAE04EC0-301F-11D3-BF4B-00C04F79EFBC}") = "Problem6_ZaribaAcademy", "Problem6_ZaribaAcademy\Problem6_ZaribaAcademy.csproj", "{3E7E44D5-6486-4B32-92DE-B04A60901C13}"
EndProject
Project("{FAE04EC0-301F-11D3-BF4B-00C04F79EFBC}") = "Problem7_StringVar", "Problem7_StringVar\Problem7_StringVar.csproj", "{C35983CE-DFCF-4CE1-B575-8D7D24C6149A}"
EndProject
Project("{FAE04EC0-301F-11D3-BF4B-00C04F79EFBC}") = "Problem8_DrawRectangle", "Problem8_DrawRectangle\Problem8_DrawRectangle.csproj", "{216C21FD-9F42-4C60-AAA3-D8FEAEBF36CF}"
EndProject
Project("{FAE04EC0-301F-11D3-BF4B-00C04F79EFBC}") = "Problem9_SwapInts", "Problem9_SwapInts\Problem9_SwapInts.csproj", "{228E5684-297C-4FC5-B196-2CF29E3B14D8}"
EndProject
Global
	GlobalSection(SolutionConfigurationPlatforms) = preSolution
		Debug|Any CPU = Debug|Any CPU
		Release|Any CPU = Release|Any CPU
	EndGlobalSection
	GlobalSection(ProjectConfigurationPlatforms) = postSolution
		{AA7B9E57-EE43-4864-8EC9-808BAF2FF3A5}.Debug|Any CPU.ActiveCfg = Debug|Any CPU
		{AA7B9E57-EE43-4864-8EC9-808BAF2FF3A5}.Debug|Any CPU.Build.0 = Debug|Any CPU
		{AA7B9E57-EE43-4864-8EC9-808BAF2FF3A5}.Release|Any CPU.ActiveCfg = Release|Any CPU
		{AA7B9E57-EE43-4864-8EC9-808BAF2FF3A5}.Release|Any CPU.Build.0 = Release|Any CPU
		{5898AFF5-2DD0-43A3-A7ED-A37F188BC35C}.Debug|Any CPU.ActiveCfg = Debug|Any CPU
		{5898AFF5-2DD0-43A3-A7ED-A37F188BC35C}.Debug|Any CPU.Build.0 = Debug|Any CPU
		{5898AFF5-2DD0-43A3-A7ED-A37F188BC35C}.Release|Any CPU.ActiveCfg = Release|Any CPU
		{5898AFF5-2DD0-43A3-A7ED-A37F188BC35C}.Release|Any CPU.Build.0 = Release|Any CPU
		{69E0F40C-BAE4-4D21-BD7D-0061060557C5}.Debug|Any CPU.ActiveCfg = Debug|Any CPU
		{69E0F40C-BAE4-4D21-BD7D-0061060557C5}.Debug|Any CPU.Build.0 = Debug|Any CPU
		{69E0F40C-BAE4-4D21-BD7D-0061060557C5}.Release|Any CPU.ActiveCfg = Release|Any CPU
		{69E0F40C-BAE4-4D21-BD7D-0061060557C5}.Release|Any CPU.Build.0 = Release|Any CPU
		{73F8C303-64A2-45EB-928E-3C9E3462F864}.Debug|Any CPU.ActiveCfg = Debug|Any CPU
		{73F8C303-64A2-45EB-928E-3C9E3462F864}.Debug|Any CPU.Build.0 = Debug|Any CPU
		{73F8C303-64A2-45EB-928E-3C9E3462F864}.Release|Any CPU.ActiveCfg = Release|Any CPU
		{73F8C303-64A2-45EB-928E-3C9E3462F864}.Release|Any CPU.Build.0 = Release|Any CPU
		{975FC8AD-5DEF-40E7-851A-B7878AC98477}.Debug|Any CPU.ActiveCfg = Debug|Any CPU
		{975FC8AD-5DEF-40E7-851A-B7878AC98477}.Debug|Any CPU.Build.0 = Debug|Any CPU
		{975FC8AD-5DEF-40E7-851A-B7878AC98477}.Release|Any CPU.ActiveCfg = Release|Any CPU
		{975FC8AD-5DEF-40E7-851A-B7878AC98477}.Release|Any CPU.Build.0 = Release|Any CPU
		{3E7E44D5-6486-4B32-92DE-B04A60901C13}.Debug|Any CPU.ActiveCfg = Debug|Any CPU
		{3E7E44D5-6486-4B32-92DE-B04A60901C13}.Debug|Any CPU.Build.0 = Debug|Any CPU
		{3E7E44D5-6486-4B32-92DE-B04A60901C13}.Release|Any CPU.ActiveCfg = Release|Any CPU
		{3E7E44D5-6486-4B32-92DE-B04A60901C13}.Release|Any CPU.Build.0 = Release|Any CPU
		{C35983CE-DFCF-4CE1-B575-8D7D24C6149A}.Debug|Any CPU.ActiveCfg = Debug|Any CPU
		{C35983CE-DFCF-4CE1-B575-8D7D24C6149A}.Debug|Any CPU.Build.0 = Debug|Any CPU
		{C35983CE-DFCF-4CE1-B575-8D7D24C6149A}.Release|Any CPU.ActiveCfg = Release|Any CPU
		{C35983CE-DFCF-4CE1-B575-8D7D24C6149A}.Release|Any CPU.Build.0 = Release|Any CPU
		{216C21FD-9F42-4C60-AAA3-D8FEAEBF36CF}.Debug|Any CPU.ActiveCfg = Debug|Any CPU
		{216C21FD-9F42-4C60-AAA3-D8FEAEBF36CF}.Debug|Any CPU.Build.0 = Debug|Any CPU
		{216C21FD-9F42-4C60-AAA3-D8FEAEBF36CF}.Release|Any CPU.ActiveCfg = Release|Any CPU
		{216C21FD-9F42-4C60-AAA3-D8FEAEBF36CF}.Release|Any CPU.Build.0 = Release|Any CPU
		{228E5684-297C-4FC5-B196-2CF29E3B14D8}.Debug|Any CPU.ActiveCfg = Debug|Any CPU
		{228E5684-297C-4FC5-B196-2CF29E3B14D8}.Debug|Any CPU.Build.0 = Debug|Any CPU
		{228E5684-297C-4FC5-B196-2CF29E3B14D8}.Release|Any CPU.ActiveCfg = Release|Any CPU
		{228E5684-297C-4FC5-B196-2CF29E3B14D8}.Release|Any CPU.Build.0 = Release|Any CPU
	EndGlobalSection
	GlobalSection(SolutionProperties) = preSolution
		HideSolutionNode = FALSE
	EndGlobalSection
EndGlobal
